
Microsoft Visual Studio Solution File, Format Version 12.00
# Visual Studio Version 16
VisualStudioVersion = 16.0.31129.286
MinimumVisualStudioVersion = 10.0.40219.1
Project("{FAE04EC0-301F-11D3-BF4B-00C04F79EFBC}") = "Dominio", "Dominio\Dominio.csproj", "{D5C7746B-A3A7-4D3D-9B29-606C3391224C}"
EndProject
Project("{FAE04EC0-301F-11D3-BF4B-00C04F79EFBC}") = "Repositorio", "Repositorio\Repositorio.csproj", "{7AA928F1-D1E4-4383-AB11-12201542C4B0}"
EndProject
Project("{FAE04EC0-301F-11D3-BF4B-00C04F79EFBC}") = "Web", "Web\Web.csproj", "{0C444C71-D157-4FCE-9D8F-09E3E5E00101}"
EndProject
Global
	GlobalSection(SolutionConfigurationPlatforms) = preSolution
		Debug|Any CPU = Debug|Any CPU
		Release|Any CPU = Release|Any CPU
	EndGlobalSection
	GlobalSection(ProjectConfigurationPlatforms) = postSolution
		{D5C7746B-A3A7-4D3D-9B29-606C3391224C}.Debug|Any CPU.ActiveCfg = Debug|Any CPU
		{D5C7746B-A3A7-4D3D-9B29-606C3391224C}.Debug|Any CPU.Build.0 = Debug|Any CPU
		{D5C7746B-A3A7-4D3D-9B29-606C3391224C}.Release|Any CPU.ActiveCfg = Release|Any CPU
		{D5C7746B-A3A7-4D3D-9B29-606C3391224C}.Release|Any CPU.Build.0 = Release|Any CPU
		{7AA928F1-D1E4-4383-AB11-12201542C4B0}.Debug|Any CPU.ActiveCfg = Debug|Any CPU
		{7AA928F1-D1E4-4383-AB11-12201542C4B0}.Debug|Any CPU.Build.0 = Debug|Any CPU
		{7AA928F1-D1E4-4383-AB11-12201542C4B0}.Release|Any CPU.ActiveCfg = Release|Any CPU
		{7AA928F1-D1E4-4383-AB11-12201542C4B0}.Release|Any CPU.Build.0 = Release|Any CPU
		{0C444C71-D157-4FCE-9D8F-09E3E5E00101}.Debug|Any CPU.ActiveCfg = Debug|Any CPU
		{0C444C71-D157-4FCE-9D8F-09E3E5E00101}.Debug|Any CPU.Build.0 = Debug|Any CPU
		{0C444C71-D157-4FCE-9D8F-09E3E5E00101}.Release|Any CPU.ActiveCfg = Release|Any CPU
		{0C444C71-D157-4FCE-9D8F-09E3E5E00101}.Release|Any CPU.Build.0 = Release|Any CPU
	EndGlobalSection
	GlobalSection(SolutionProperties) = preSolution
		HideSolutionNode = FALSE
	EndGlobalSection
	GlobalSection(ExtensibilityGlobals) = postSolution
		SolutionGuid = {75FCD572-7803-44D8-9183-A56F4877323A}
	EndGlobalSection
EndGlobal
